
Microsoft Visual Studio Solution File, Format Version 12.00
# Visual Studio Version 16
VisualStudioVersion = 16.0.31205.134
MinimumVisualStudioVersion = 10.0.40219.1
Project("{FAE04EC0-301F-11D3-BF4B-00C04F79EFBC}") = "Entities", "Entities\Entities.csproj", "{64A941E7-2D6C-49CC-A5E8-F484CA1E52A8}"
EndProject
Project("{FAE04EC0-301F-11D3-BF4B-00C04F79EFBC}") = "DataAccess", "DataAccess\DataAccess.csproj", "{C63ADC0A-AD0F-4E9C-9D5D-77D68D01B4A6}"
EndProject
Project("{FAE04EC0-301F-11D3-BF4B-00C04F79EFBC}") = "Business", "Business\Business.csproj", "{67479137-BEE7-4AA7-ACF0-88902EA141F6}"
EndProject
Project("{FAE04EC0-301F-11D3-BF4B-00C04F79EFBC}") = "ConsoleUI", "ConsoleUI\ConsoleUI.csproj", "{852FD54F-0FD4-47EB-B376-9EDB6CA28861}"
EndProject
Global
	GlobalSection(SolutionConfigurationPlatforms) = preSolution
		Debug|Any CPU = Debug|Any CPU
		Release|Any CPU = Release|Any CPU
	EndGlobalSection
	GlobalSection(ProjectConfigurationPlatforms) = postSolution
		{64A941E7-2D6C-49CC-A5E8-F484CA1E52A8}.Debug|Any CPU.ActiveCfg = Debug|Any CPU
		{64A941E7-2D6C-49CC-A5E8-F484CA1E52A8}.Debug|Any CPU.Build.0 = Debug|Any CPU
		{64A941E7-2D6C-49CC-A5E8-F484CA1E52A8}.Release|Any CPU.ActiveCfg = Release|Any CPU
		{64A941E7-2D6C-49CC-A5E8-F484CA1E52A8}.Release|Any CPU.Build.0 = Release|Any CPU
		{C63ADC0A-AD0F-4E9C-9D5D-77D68D01B4A6}.Debug|Any CPU.ActiveCfg = Debug|Any CPU
		{C63ADC0A-AD0F-4E9C-9D5D-77D68D01B4A6}.Debug|Any CPU.Build.0 = Debug|Any CPU
		{C63ADC0A-AD0F-4E9C-9D5D-77D68D01B4A6}.Release|Any CPU.ActiveCfg = Release|Any CPU
		{C63ADC0A-AD0F-4E9C-9D5D-77D68D01B4A6}.Release|Any CPU.Build.0 = Release|Any CPU
		{67479137-BEE7-4AA7-ACF0-88902EA141F6}.Debug|Any CPU.ActiveCfg = Debug|Any CPU
		{67479137-BEE7-4AA7-ACF0-88902EA141F6}.Debug|Any CPU.Build.0 = Debug|Any CPU
		{67479137-BEE7-4AA7-ACF0-88902EA141F6}.Release|Any CPU.ActiveCfg = Release|Any CPU
		{67479137-BEE7-4AA7-ACF0-88902EA141F6}.Release|Any CPU.Build.0 = Release|Any CPU
		{852FD54F-0FD4-47EB-B376-9EDB6CA28861}.Debug|Any CPU.ActiveCfg = Debug|Any CPU
		{852FD54F-0FD4-47EB-B376-9EDB6CA28861}.Debug|Any CPU.Build.0 = Debug|Any CPU
		{852FD54F-0FD4-47EB-B376-9EDB6CA28861}.Release|Any CPU.ActiveCfg = Release|Any CPU
		{852FD54F-0FD4-47EB-B376-9EDB6CA28861}.Release|Any CPU.Build.0 = Release|Any CPU
	EndGlobalSection
	GlobalSection(SolutionProperties) = preSolution
		HideSolutionNode = FALSE
	EndGlobalSection
	GlobalSection(ExtensibilityGlobals) = postSolution
		SolutionGuid = {13A2FF22-5AC7-4B66-9763-ED98BB14BE86}
	EndGlobalSection
EndGlobal
